// !$*UTF8*$!
{
	archiveVersion = 1;
	classes = {
	};
	objectVersion = 56;
	objects = {

/* Begin PBXBuildFile section */
		A0FEEAB329F9DEC30012DA80 /* AppDelegate.swift in Sources */ = {isa = PBXBuildFile; fileRef = A0FEEAB229F9DEC30012DA80 /* AppDelegate.swift */; };
		A0FEEAB529F9DEC30012DA80 /* SceneDelegate.swift in Sources */ = {isa = PBXBuildFile; fileRef = A0FEEAB429F9DEC30012DA80 /* SceneDelegate.swift */; };
		A0FEEAB729F9DEC30012DA80 /* ViewController.swift in Sources */ = {isa = PBXBuildFile; fileRef = A0FEEAB629F9DEC30012DA80 /* ViewController.swift */; };
		A0FEEABA29F9DEC30012DA80 /* Main.storyboard in Resources */ = {isa = PBXBuildFile; fileRef = A0FEEAB829F9DEC30012DA80 /* Main.storyboard */; };
		A0FEEABC29F9DEC40012DA80 /* Assets.xcassets in Resources */ = {isa = PBXBuildFile; fileRef = A0FEEABB29F9DEC40012DA80 /* Assets.xcassets */; };
		A0FEEABF29F9DEC40012DA80 /* LaunchScreen.storyboard in Resources */ = {isa = PBXBuildFile; fileRef = A0FEEABD29F9DEC40012DA80 /* LaunchScreen.storyboard */; };
		A0FEEACA29F9DEC40012DA80 /* simpsonsviewerTests.swift in Sources */ = {isa = PBXBuildFile; fileRef = A0FEEAC929F9DEC40012DA80 /* simpsonsviewerTests.swift */; };
		A0FEEAD429F9DEC40012DA80 /* simpsonsviewerUITests.swift in Sources */ = {isa = PBXBuildFile; fileRef = A0FEEAD329F9DEC40012DA80 /* simpsonsviewerUITests.swift */; };
		A0FEEAD629F9DEC40012DA80 /* simpsonsviewerUITestsLaunchTests.swift in Sources */ = {isa = PBXBuildFile; fileRef = A0FEEAD529F9DEC40012DA80 /* simpsonsviewerUITestsLaunchTests.swift */; };
		A0FEEAFE29F9DEFD0012DA80 /* DisplayingTableViewFramework.framework in Frameworks */ = {isa = PBXBuildFile; fileRef = A0FEEAFD29F9DEFD0012DA80 /* DisplayingTableViewFramework.framework */; };
		A0FEEAFF29F9DEFD0012DA80 /* DisplayingTableViewFramework.framework in Embed Frameworks */ = {isa = PBXBuildFile; fileRef = A0FEEAFD29F9DEFD0012DA80 /* DisplayingTableViewFramework.framework */; settings = {ATTRIBUTES = (CodeSignOnCopy, RemoveHeadersOnCopy, ); }; };
/* End PBXBuildFile section */

/* Begin PBXContainerItemProxy section */
		A0FEEAC629F9DEC40012DA80 /* PBXContainerItemProxy */ = {
			isa = PBXContainerItemProxy;
			containerPortal = A0FEEAA729F9DEC30012DA80 /* Project object */;
			proxyType = 1;
			remoteGlobalIDString = A0FEEAAE29F9DEC30012DA80;
			remoteInfo = simpsonsviewer;
		};
		A0FEEAD029F9DEC40012DA80 /* PBXContainerItemProxy */ = {
			isa = PBXContainerItemProxy;
			containerPortal = A0FEEAA729F9DEC30012DA80 /* Project object */;
			proxyType = 1;
			remoteGlobalIDString = A0FEEAAE29F9DEC30012DA80;
			remoteInfo = simpsonsviewer;
		};
/* End PBXContainerItemProxy section */

/* Begin PBXCopyFilesBuildPhase section */
		A0FEEB0029F9DEFD0012DA80 /* Embed Frameworks */ = {
			isa = PBXCopyFilesBuildPhase;
			buildActionMask = 2147483647;
			dstPath = "";
			dstSubfolderSpec = 10;
			files = (
				A0FEEAFF29F9DEFD0012DA80 /* DisplayingTableViewFramework.framework in Embed Frameworks */,
			);
			name = "Embed Frameworks";
			runOnlyForDeploymentPostprocessing = 0;
		};
/* End PBXCopyFilesBuildPhase section */

/* Begin PBXFileReference section */
		A0FEEAAF29F9DEC30012DA80 /* simpsonsviewer.app */ = {isa = PBXFileReference; explicitFileType = wrapper.application; includeInIndex = 0; path = simpsonsviewer.app; sourceTree = BUILT_PRODUCTS_DIR; };
		A0FEEAB229F9DEC30012DA80 /* AppDelegate.swift */ = {isa = PBXFileReference; lastKnownFileType = sourcecode.swift; path = AppDelegate.swift; sourceTree = "<group>"; };
		A0FEEAB429F9DEC30012DA80 /* SceneDelegate.swift */ = {isa = PBXFileReference; lastKnownFileType = sourcecode.swift; path = SceneDelegate.swift; sourceTree = "<group>"; };
		A0FEEAB629F9DEC30012DA80 /* ViewController.swift */ = {isa = PBXFileReference; lastKnownFileType = sourcecode.swift; path = ViewController.swift; sourceTree = "<group>"; };
		A0FEEAB929F9DEC30012DA80 /* Base */ = {isa = PBXFileReference; lastKnownFileType = file.storyboard; name = Base; path = Base.lproj/Main.storyboard; sourceTree = "<group>"; };
		A0FEEABB29F9DEC40012DA80 /* Assets.xcassets */ = {isa = PBXFileReference; lastKnownFileType = folder.assetcatalog; path = Assets.xcassets; sourceTree = "<group>"; };
		A0FEEABE29F9DEC40012DA80 /* Base */ = {isa = PBXFileReference; lastKnownFileType = file.storyboard; name = Base; path = Base.lproj/LaunchScreen.storyboard; sourceTree = "<group>"; };
		A0FEEAC029F9DEC40012DA80 /* Info.plist */ = {isa = PBXFileReference; lastKnownFileType = text.plist.xml; path = Info.plist; sourceTree = "<group>"; };
		A0FEEAC529F9DEC40012DA80 /* simpsonsviewerTests.xctest */ = {isa = PBXFileReference; explicitFileType = wrapper.cfbundle; includeInIndex = 0; path = simpsonsviewerTests.xctest; sourceTree = BUILT_PRODUCTS_DIR; };
		A0FEEAC929F9DEC40012DA80 /* simpsonsviewerTests.swift */ = {isa = PBXFileReference; lastKnownFileType = sourcecode.swift; path = simpsonsviewerTests.swift; sourceTree = "<group>"; };
		A0FEEACF29F9DEC40012DA80 /* simpsonsviewerUITests.xctest */ = {isa = PBXFileReference; explicitFileType = wrapper.cfbundle; includeInIndex = 0; path = simpsonsviewerUITests.xctest; sourceTree = BUILT_PRODUCTS_DIR; };
		A0FEEAD329F9DEC40012DA80 /* simpsonsviewerUITests.swift */ = {isa = PBXFileReference; lastKnownFileType = sourcecode.swift; path = simpsonsviewerUITests.swift; sourceTree = "<group>"; };
		A0FEEAD529F9DEC40012DA80 /* simpsonsviewerUITestsLaunchTests.swift */ = {isa = PBXFileReference; lastKnownFileType = sourcecode.swift; path = simpsonsviewerUITestsLaunchTests.swift; sourceTree = "<group>"; };
		A0FEEAFD29F9DEFD0012DA80 /* DisplayingTableViewFramework.framework */ = {isa = PBXFileReference; explicitFileType = wrapper.framework; path = DisplayingTableViewFramework.framework; sourceTree = BUILT_PRODUCTS_DIR; };
/* End PBXFileReference section */

/* Begin PBXFrameworksBuildPhase section */
		A0FEEAAC29F9DEC30012DA80 /* Frameworks */ = {
			isa = PBXFrameworksBuildPhase;
			buildActionMask = 2147483647;
			files = (
				A0FEEAFE29F9DEFD0012DA80 /* DisplayingTableViewFramework.framework in Frameworks */,
			);
			runOnlyForDeploymentPostprocessing = 0;
		};
		A0FEEAC229F9DEC40012DA80 /* Frameworks */ = {
			isa = PBXFrameworksBuildPhase;
			buildActionMask = 2147483647;
			files = (
			);
			runOnlyForDeploymentPostprocessing = 0;
		};
		A0FEEACC29F9DEC40012DA80 /* Frameworks */ = {
			isa = PBXFrameworksBuildPhase;
			buildActionMask = 2147483647;
			files = (
			);
			runOnlyForDeploymentPostprocessing = 0;
		};
/* End PBXFrameworksBuildPhase section */

/* Begin PBXGroup section */
		A0FEEAA629F9DEC30012DA80 = {
			isa = PBXGroup;
			children = (
				A0FEEAB129F9DEC30012DA80 /* simpsonsviewer */,
				A0FEEAC829F9DEC40012DA80 /* simpsonsviewerTests */,
				A0FEEAD229F9DEC40012DA80 /* simpsonsviewerUITests */,
				A0FEEAB029F9DEC30012DA80 /* Products */,
				A0FEEAFC29F9DEFD0012DA80 /* Frameworks */,
			);
			sourceTree = "<group>";
		};
		A0FEEAB029F9DEC30012DA80 /* Products */ = {
			isa = PBXGroup;
			children = (
				A0FEEAAF29F9DEC30012DA80 /* simpsonsviewer.app */,
				A0FEEAC529F9DEC40012DA80 /* simpsonsviewerTests.xctest */,
				A0FEEACF29F9DEC40012DA80 /* simpsonsviewerUITests.xctest */,
			);
			name = Products;
			sourceTree = "<group>";
		};
		A0FEEAB129F9DEC30012DA80 /* simpsonsviewer */ = {
			isa = PBXGroup;
			children = (
				A0FEEAB229F9DEC30012DA80 /* AppDelegate.swift */,
				A0FEEAB429F9DEC30012DA80 /* SceneDelegate.swift */,
				A0FEEAB629F9DEC30012DA80 /* ViewController.swift */,
				A0FEEAB829F9DEC30012DA80 /* Main.storyboard */,
				A0FEEABB29F9DEC40012DA80 /* Assets.xcassets */,
				A0FEEABD29F9DEC40012DA80 /* LaunchScreen.storyboard */,
				A0FEEAC029F9DEC40012DA80 /* Info.plist */,
			);
			path = simpsonsviewer;
			sourceTree = "<group>";
		};
		A0FEEAC829F9DEC40012DA80 /* simpsonsviewerTests */ = {
			isa = PBXGroup;
			children = (
				A0FEEAC929F9DEC40012DA80 /* simpsonsviewerTests.swift */,
			);
			path = simpsonsviewerTests;
			sourceTree = "<group>";
		};
		A0FEEAD229F9DEC40012DA80 /* simpsonsviewerUITests */ = {
			isa = PBXGroup;
			children = (
				A0FEEAD329F9DEC40012DA80 /* simpsonsviewerUITests.swift */,
				A0FEEAD529F9DEC40012DA80 /* simpsonsviewerUITestsLaunchTests.swift */,
			);
			path = simpsonsviewerUITests;
			sourceTree = "<group>";
		};
		A0FEEAFC29F9DEFD0012DA80 /* Frameworks */ = {
			isa = PBXGroup;
			children = (
				A0FEEAFD29F9DEFD0012DA80 /* DisplayingTableViewFramework.framework */,
			);
			name = Frameworks;
			sourceTree = "<group>";
		};
/* End PBXGroup section */

/* Begin PBXNativeTarget section */
		A0FEEAAE29F9DEC30012DA80 /* simpsonsviewer */ = {
			isa = PBXNativeTarget;
			buildConfigurationList = A0FEEAD929F9DEC40012DA80 /* Build configuration list for PBXNativeTarget "simpsonsviewer" */;
			buildPhases = (
				A0FEEAAB29F9DEC30012DA80 /* Sources */,
				A0FEEAAC29F9DEC30012DA80 /* Frameworks */,
				A0FEEAAD29F9DEC30012DA80 /* Resources */,
				A0FEEB0029F9DEFD0012DA80 /* Embed Frameworks */,
			);
			buildRules = (
			);
			dependencies = (
			);
			name = simpsonsviewer;
			productName = simpsonsviewer;
			productReference = A0FEEAAF29F9DEC30012DA80 /* simpsonsviewer.app */;
			productType = "com.apple.product-type.application";
		};
		A0FEEAC429F9DEC40012DA80 /* simpsonsviewerTests */ = {
			isa = PBXNativeTarget;
			buildConfigurationList = A0FEEADC29F9DEC40012DA80 /* Build configuration list for PBXNativeTarget "simpsonsviewerTests" */;
			buildPhases = (
				A0FEEAC129F9DEC40012DA80 /* Sources */,
				A0FEEAC229F9DEC40012DA80 /* Frameworks */,
				A0FEEAC329F9DEC40012DA80 /* Resources */,
			);
			buildRules = (
			);
			dependencies = (
				A0FEEAC729F9DEC40012DA80 /* PBXTargetDependency */,
			);
			name = simpsonsviewerTests;
			productName = simpsonsviewerTests;
			productReference = A0FEEAC529F9DEC40012DA80 /* simpsonsviewerTests.xctest */;
			productType = "com.apple.product-type.bundle.unit-test";
		};
		A0FEEACE29F9DEC40012DA80 /* simpsonsviewerUITests */ = {
			isa = PBXNativeTarget;
			buildConfigurationList = A0FEEADF29F9DEC40012DA80 /* Build configuration list for PBXNativeTarget "simpsonsviewerUITests" */;
			buildPhases = (
				A0FEEACB29F9DEC40012DA80 /* Sources */,
				A0FEEACC29F9DEC40012DA80 /* Frameworks */,
				A0FEEACD29F9DEC40012DA80 /* Resources */,
			);
			buildRules = (
			);
			dependencies = (
				A0FEEAD129F9DEC40012DA80 /* PBXTargetDependency */,
			);
			name = simpsonsviewerUITests;
			productName = simpsonsviewerUITests;
			productReference = A0FEEACF29F9DEC40012DA80 /* simpsonsviewerUITests.xctest */;
			productType = "com.apple.product-type.bundle.ui-testing";
		};
/* End PBXNativeTarget section */

/* Begin PBXProject section */
		A0FEEAA729F9DEC30012DA80 /* Project object */ = {
			isa = PBXProject;
			attributes = {
				BuildIndependentTargetsInParallel = 1;
				LastSwiftUpdateCheck = 1430;
				LastUpgradeCheck = 1430;
				TargetAttributes = {
					A0FEEAAE29F9DEC30012DA80 = {
						CreatedOnToolsVersion = 14.3;
					};
					A0FEEAC429F9DEC40012DA80 = {
						CreatedOnToolsVersion = 14.3;
						TestTargetID = A0FEEAAE29F9DEC30012DA80;
					};
					A0FEEACE29F9DEC40012DA80 = {
						CreatedOnToolsVersion = 14.3;
						TestTargetID = A0FEEAAE29F9DEC30012DA80;
					};
				};
			};
			buildConfigurationList = A0FEEAAA29F9DEC30012DA80 /* Build configuration list for PBXProject "simpsonsviewer" */;
			compatibilityVersion = "Xcode 14.0";
			developmentRegion = en;
			hasScannedForEncodings = 0;
			knownRegions = (
				en,
				Base,
			);
			mainGroup = A0FEEAA629F9DEC30012DA80;
			productRefGroup = A0FEEAB029F9DEC30012DA80 /* Products */;
			projectDirPath = "";
			projectRoot = "";
			targets = (
				A0FEEAAE29F9DEC30012DA80 /* simpsonsviewer */,
				A0FEEAC429F9DEC40012DA80 /* simpsonsviewerTests */,
				A0FEEACE29F9DEC40012DA80 /* simpsonsviewerUITests */,
			);
		};
/* End PBXProject section */

/* Begin PBXResourcesBuildPhase section */
		A0FEEAAD29F9DEC30012DA80 /* Resources */ = {
			isa = PBXResourcesBuildPhase;
			buildActionMask = 2147483647;
			files = (
				A0FEEABF29F9DEC40012DA80 /* LaunchScreen.storyboard in Resources */,
				A0FEEABC29F9DEC40012DA80 /* Assets.xcassets in Resources */,
				A0FEEABA29F9DEC30012DA80 /* Main.storyboard in Resources */,
			);
			runOnlyForDeploymentPostprocessing = 0;
		};
		A0FEEAC329F9DEC40012DA80 /* Resources */ = {
			isa = PBXResourcesBuildPhase;
			buildActionMask = 2147483647;
			files = (
			);
			runOnlyForDeploymentPostprocessing = 0;
		};
		A0FEEACD29F9DEC40012DA80 /* Resources */ = {
			isa = PBXResourcesBuildPhase;
			buildActionMask = 2147483647;
			files = (
			);
			runOnlyForDeploymentPostprocessing = 0;
		};
/* End PBXResourcesBuildPhase section */

/* Begin PBXSourcesBuildPhase section */
		A0FEEAAB29F9DEC30012DA80 /* Sources */ = {
			isa = PBXSourcesBuildPhase;
			buildActionMask = 2147483647;
			files = (
				A0FEEAB729F9DEC30012DA80 /* ViewController.swift in Sources */,
				A0FEEAB329F9DEC30012DA80 /* AppDelegate.swift in Sources */,
				A0FEEAB529F9DEC30012DA80 /* SceneDelegate.swift in Sources */,
			);
			runOnlyForDeploymentPostprocessing = 0;
		};
		A0FEEAC129F9DEC40012DA80 /* Sources */ = {
			isa = PBXSourcesBuildPhase;
			buildActionMask = 2147483647;
			files = (
				A0FEEACA29F9DEC40012DA80 /* simpsonsviewerTests.swift in Sources */,
			);
			runOnlyForDeploymentPostprocessing = 0;
		};
		A0FEEACB29F9DEC40012DA80 /* Sources */ = {
			isa = PBXSourcesBuildPhase;
			buildActionMask = 2147483647;
			files = (
				A0FEEAD629F9DEC40012DA80 /* simpsonsviewerUITestsLaunchTests.swift in Sources */,
				A0FEEAD429F9DEC40012DA80 /* simpsonsviewerUITests.swift in Sources */,
			);
			runOnlyForDeploymentPostprocessing = 0;
		};
/* End PBXSourcesBuildPhase section */

/* Begin PBXTargetDependency section */
		A0FEEAC729F9DEC40012DA80 /* PBXTargetDependency */ = {
			isa = PBXTargetDependency;
			target = A0FEEAAE29F9DEC30012DA80 /* simpsonsviewer */;
			targetProxy = A0FEEAC629F9DEC40012DA80 /* PBXContainerItemProxy */;
		};
		A0FEEAD129F9DEC40012DA80 /* PBXTargetDependency */ = {
			isa = PBXTargetDependency;
			target = A0FEEAAE29F9DEC30012DA80 /* simpsonsviewer */;
			targetProxy = A0FEEAD029F9DEC40012DA80 /* PBXContainerItemProxy */;
		};
/* End PBXTargetDependency section */

/* Begin PBXVariantGroup section */
		A0FEEAB829F9DEC30012DA80 /* Main.storyboard */ = {
			isa = PBXVariantGroup;
			children = (
				A0FEEAB929F9DEC30012DA80 /* Base */,
			);
			name = Main.storyboard;
			sourceTree = "<group>";
		};
		A0FEEABD29F9DEC40012DA80 /* LaunchScreen.storyboard */ = {
			isa = PBXVariantGroup;
			children = (
				A0FEEABE29F9DEC40012DA80 /* Base */,
			);
			name = LaunchScreen.storyboard;
			sourceTree = "<group>";
		};
/* End PBXVariantGroup section */

/* Begin XCBuildConfiguration section */
		A0FEEAD729F9DEC40012DA80 /* Debug */ = {
			isa = XCBuildConfiguration;
			buildSettings = {
				ALWAYS_SEARCH_USER_PATHS = NO;
				CLANG_ANALYZER_NONNULL = YES;
				CLANG_ANALYZER_NUMBER_OBJECT_CONVERSION = YES_AGGRESSIVE;
				CLANG_CXX_LANGUAGE_STANDARD = "gnu++20";
				CLANG_ENABLE_MODULES = YES;
				CLANG_ENABLE_OBJC_ARC = YES;
				CLANG_ENABLE_OBJC_WEAK = YES;
				CLANG_WARN_BLOCK_CAPTURE_AUTORELEASING = YES;
				CLANG_WARN_BOOL_CONVERSION = YES;
				CLANG_WARN_COMMA = YES;
				CLANG_WARN_CONSTANT_CONVERSION = YES;
				CLANG_WARN_DEPRECATED_OBJC_IMPLEMENTATIONS = YES;
				CLANG_WARN_DIRECT_OBJC_ISA_USAGE = YES_ERROR;
				CLANG_WARN_DOCUMENTATION_COMMENTS = YES;
				CLANG_WARN_EMPTY_BODY = YES;
				CLANG_WARN_ENUM_CONVERSION = YES;
				CLANG_WARN_INFINITE_RECURSION = YES;
				CLANG_WARN_INT_CONVERSION = YES;
				CLANG_WARN_NON_LITERAL_NULL_CONVERSION = YES;
				CLANG_WARN_OBJC_IMPLICIT_RETAIN_SELF = YES;
				CLANG_WARN_OBJC_LITERAL_CONVERSION = YES;
				CLANG_WARN_OBJC_ROOT_CLASS = YES_ERROR;
				CLANG_WARN_QUOTED_INCLUDE_IN_FRAMEWORK_HEADER = YES;
				CLANG_WARN_RANGE_LOOP_ANALYSIS = YES;
				CLANG_WARN_STRICT_PROTOTYPES = YES;
				CLANG_WARN_SUSPICIOUS_MOVE = YES;
				CLANG_WARN_UNGUARDED_AVAILABILITY = YES_AGGRESSIVE;
				CLANG_WARN_UNREACHABLE_CODE = YES;
				CLANG_WARN__DUPLICATE_METHOD_MATCH = YES;
				COPY_PHASE_STRIP = NO;
				DEBUG_INFORMATION_FORMAT = dwarf;
				ENABLE_STRICT_OBJC_MSGSEND = YES;
				ENABLE_TESTABILITY = YES;
				GCC_C_LANGUAGE_STANDARD = gnu11;
				GCC_DYNAMIC_NO_PIC = NO;
				GCC_NO_COMMON_BLOCKS = YES;
				GCC_OPTIMIZATION_LEVEL = 0;
				GCC_PREPROCESSOR_DEFINITIONS = (
					"DEBUG=1",
					"$(inherited)",
				);
				GCC_WARN_64_TO_32_BIT_CONVERSION = YES;
				GCC_WARN_ABOUT_RETURN_TYPE = YES_ERROR;
				GCC_WARN_UNDECLARED_SELECTOR = YES;
				GCC_WARN_UNINITIALIZED_AUTOS = YES_AGGRESSIVE;
				GCC_WARN_UNUSED_FUNCTION = YES;
				GCC_WARN_UNUSED_VARIABLE = YES;
				IPHONEOS_DEPLOYMENT_TARGET = 16.4;
				MTL_ENABLE_DEBUG_INFO = INCLUDE_SOURCE;
				MTL_FAST_MATH = YES;
				ONLY_ACTIVE_ARCH = YES;
				SDKROOT = iphoneos;
				SWIFT_ACTIVE_COMPILATION_CONDITIONS = DEBUG;
				SWIFT_OPTIMIZATION_LEVEL = "-Onone";
			};
			name = Debug;
		};
		A0FEEAD829F9DEC40012DA80 /* Release */ = {
			isa = XCBuildConfiguration;
			buildSettings = {
				ALWAYS_SEARCH_USER_PATHS = NO;
				CLANG_ANALYZER_NONNULL = YES;
				CLANG_ANALYZER_NUMBER_OBJECT_CONVERSION = YES_AGGRESSIVE;
				CLANG_CXX_LANGUAGE_STANDARD = "gnu++20";
				CLANG_ENABLE_MODULES = YES;
				CLANG_ENABLE_OBJC_ARC = YES;
				CLANG_ENABLE_OBJC_WEAK = YES;
				CLANG_WARN_BLOCK_CAPTURE_AUTORELEASING = YES;
				CLANG_WARN_BOOL_CONVERSION = YES;
				CLANG_WARN_COMMA = YES;
				CLANG_WARN_CONSTANT_CONVERSION = YES;
				CLANG_WARN_DEPRECATED_OBJC_IMPLEMENTATIONS = YES;
				CLANG_WARN_DIRECT_OBJC_ISA_USAGE = YES_ERROR;
				CLANG_WARN_DOCUMENTATION_COMMENTS = YES;
				CLANG_WARN_EMPTY_BODY = YES;
				CLANG_WARN_ENUM_CONVERSION = YES;
				CLANG_WARN_INFINITE_RECURSION = YES;
				CLANG_WARN_INT_CONVERSION = YES;
				CLANG_WARN_NON_LITERAL_NULL_CONVERSION = YES;
				CLANG_WARN_OBJC_IMPLICIT_RETAIN_SELF = YES;
				CLANG_WARN_OBJC_LITERAL_CONVERSION = YES;
				CLANG_WARN_OBJC_ROOT_CLASS = YES_ERROR;
				CLANG_WARN_QUOTED_INCLUDE_IN_FRAMEWORK_HEADER = YES;
				CLANG_WARN_RANGE_LOOP_ANALYSIS = YES;
				CLANG_WARN_STRICT_PROTOTYPES = YES;
				CLANG_WARN_SUSPICIOUS_MOVE = YES;
				CLANG_WARN_UNGUARDED_AVAILABILITY = YES_AGGRESSIVE;
				CLANG_WARN_UNREACHABLE_CODE = YES;
				CLANG_WARN__DUPLICATE_METHOD_MATCH = YES;
				COPY_PHASE_STRIP = NO;
				DEBUG_INFORMATION_FORMAT = "dwarf-with-dsym";
				ENABLE_NS_ASSERTIONS = NO;
				ENABLE_STRICT_OBJC_MSGSEND = YES;
				GCC_C_LANGUAGE_STANDARD = gnu11;
				GCC_NO_COMMON_BLOCKS = YES;
				GCC_WARN_64_TO_32_BIT_CONVERSION = YES;
				GCC_WARN_ABOUT_RETURN_TYPE = YES_ERROR;
				GCC_WARN_UNDECLARED_SELECTOR = YES;
				GCC_WARN_UNINITIALIZED_AUTOS = YES_AGGRESSIVE;
				GCC_WARN_UNUSED_FUNCTION = YES;
				GCC_WARN_UNUSED_VARIABLE = YES;
				IPHONEOS_DEPLOYMENT_TARGET = 16.4;
				MTL_ENABLE_DEBUG_INFO = NO;
				MTL_FAST_MATH = YES;
				SDKROOT = iphoneos;
				SWIFT_COMPILATION_MODE = wholemodule;
				SWIFT_OPTIMIZATION_LEVEL = "-O";
				VALIDATE_PRODUCT = YES;
			};
			name = Release;
		};
		A0FEEADA29F9DEC40012DA80 /* Debug */ = {
			isa = XCBuildConfiguration;
			buildSettings = {
				ASSETCATALOG_COMPILER_APPICON_NAME = AppIcon;
				ASSETCATALOG_COMPILER_GLOBAL_ACCENT_COLOR_NAME = AccentColor;
				CODE_SIGN_STYLE = Automatic;
				CURRENT_PROJECT_VERSION = 1;
				DEVELOPMENT_TEAM = YZ2DFBWRKK;
				GENERATE_INFOPLIST_FILE = YES;
				INFOPLIST_FILE = simpsonsviewer/Info.plist;
				INFOPLIST_KEY_UIApplicationSupportsIndirectInputEvents = YES;
				INFOPLIST_KEY_UILaunchStoryboardName = LaunchScreen;
				INFOPLIST_KEY_UIMainStoryboardFile = Main;
				INFOPLIST_KEY_UISupportedInterfaceOrientations_iPad = "UIInterfaceOrientationPortrait UIInterfaceOrientationPortraitUpsideDown UIInterfaceOrientationLandscapeLeft UIInterfaceOrientationLandscapeRight";
				INFOPLIST_KEY_UISupportedInterfaceOrientations_iPhone = "UIInterfaceOrientationPortrait UIInterfaceOrientationLandscapeLeft UIInterfaceOrientationLandscapeRight";
				LD_RUNPATH_SEARCH_PATHS = (
					"$(inherited)",
					"@executable_path/Frameworks",
				);
				MARKETING_VERSION = 1.0;
				PRODUCT_BUNDLE_IDENTIFIER = com.sample.simpsonsviewer;
				PRODUCT_NAME = "$(TARGET_NAME)";
				SWIFT_EMIT_LOC_STRINGS = YES;
				SWIFT_VERSION = 5.0;
				TARGETED_DEVICE_FAMILY = "1,2";
			};
			name = Debug;
		};
		A0FEEADB29F9DEC40012DA80 /* Release */ = {
			isa = XCBuildConfiguration;
			buildSettings = {
				ASSETCATALOG_COMPILER_APPICON_NAME = AppIcon;
				ASSETCATALOG_COMPILER_GLOBAL_ACCENT_COLOR_NAME = AccentColor;
				CODE_SIGN_STYLE = Automatic;
				CURRENT_PROJECT_VERSION = 1;
				DEVELOPMENT_TEAM = YZ2DFBWRKK;
				GENERATE_INFOPLIST_FILE = YES;
				INFOPLIST_FILE = simpsonsviewer/Info.plist;
				INFOPLIST_KEY_UIApplicationSupportsIndirectInputEvents = YES;
				INFOPLIST_KEY_UILaunchStoryboardName = LaunchScreen;
				INFOPLIST_KEY_UIMainStoryboardFile = Main;
				INFOPLIST_KEY_UISupportedInterfaceOrientations_iPad = "UIInterfaceOrientationPortrait UIInterfaceOrientationPortraitUpsideDown UIInterfaceOrientationLandscapeLeft UIInterfaceOrientationLandscapeRight";
				INFOPLIST_KEY_UISupportedInterfaceOrientations_iPhone = "UIInterfaceOrientationPortrait UIInterfaceOrientationLandscapeLeft UIInterfaceOrientationLandscapeRight";
				LD_RUNPATH_SEARCH_PATHS = (
					"$(inherited)",
					"@executable_path/Frameworks",
				);
				MARKETING_VERSION = 1.0;
				PRODUCT_BUNDLE_IDENTIFIER = com.sample.simpsonsviewer;
				PRODUCT_NAME = "$(TARGET_NAME)";
				SWIFT_EMIT_LOC_STRINGS = YES;
				SWIFT_VERSION = 5.0;
				TARGETED_DEVICE_FAMILY = "1,2";
			};
			name = Release;
		};
		A0FEEADD29F9DEC40012DA80 /* Debug */ = {
			isa = XCBuildConfiguration;
			buildSettings = {
				ALWAYS_EMBED_SWIFT_STANDARD_LIBRARIES = YES;
				BUNDLE_LOADER = "$(TEST_HOST)";
				CODE_SIGN_STYLE = Automatic;
				CURRENT_PROJECT_VERSION = 1;
				DEVELOPMENT_TEAM = YZ2DFBWRKK;
				GENERATE_INFOPLIST_FILE = YES;
				IPHONEOS_DEPLOYMENT_TARGET = 16.4;
				MARKETING_VERSION = 1.0;
				PRODUCT_BUNDLE_IDENTIFIER = com.sample.simpsonsviewerTests;
				PRODUCT_NAME = "$(TARGET_NAME)";
				SWIFT_EMIT_LOC_STRINGS = NO;
				SWIFT_VERSION = 5.0;
				TARGETED_DEVICE_FAMILY = "1,2";
				TEST_HOST = "$(BUILT_PRODUCTS_DIR)/simpsonsviewer.app/$(BUNDLE_EXECUTABLE_FOLDER_PATH)/simpsonsviewer";
			};
			name = Debug;
		};
		A0FEEADE29F9DEC40012DA80 /* Release */ = {
			isa = XCBuildConfiguration;
			buildSettings = {
				ALWAYS_EMBED_SWIFT_STANDARD_LIBRARIES = YES;
				BUNDLE_LOADER = "$(TEST_HOST)";
				CODE_SIGN_STYLE = Automatic;
				CURRENT_PROJECT_VERSION = 1;
				DEVELOPMENT_TEAM = YZ2DFBWRKK;
				GENERATE_INFOPLIST_FILE = YES;
				IPHONEOS_DEPLOYMENT_TARGET = 16.4;
				MARKETING_VERSION = 1.0;
				PRODUCT_BUNDLE_IDENTIFIER = com.sample.simpsonsviewerTests;
				PRODUCT_NAME = "$(TARGET_NAME)";
				SWIFT_EMIT_LOC_STRINGS = NO;
				SWIFT_VERSION = 5.0;
				TARGETED_DEVICE_FAMILY = "1,2";
				TEST_HOST = "$(BUILT_PRODUCTS_DIR)/simpsonsviewer.app/$(BUNDLE_EXECUTABLE_FOLDER_PATH)/simpsonsviewer";
			};
			name = Release;
		};
		A0FEEAE029F9DEC40012DA80 /* Debug */ = {
			isa = XCBuildConfiguration;
			buildSettings = {
				ALWAYS_EMBED_SWIFT_STANDARD_LIBRARIES = YES;
				CODE_SIGN_STYLE = Automatic;
				CURRENT_PROJECT_VERSION = 1;
				DEVELOPMENT_TEAM = YZ2DFBWRKK;
				GENERATE_INFOPLIST_FILE = YES;
				MARKETING_VERSION = 1.0;
				PRODUCT_BUNDLE_IDENTIFIER = com.sample.simpsonsviewerUITests;
				PRODUCT_NAME = "$(TARGET_NAME)";
				SWIFT_EMIT_LOC_STRINGS = NO;
				SWIFT_VERSION = 5.0;
				TARGETED_DEVICE_FAMILY = "1,2";
				TEST_TARGET_NAME = simpsonsviewer;
			};
			name = Debug;
		};
		A0FEEAE129F9DEC40012DA80 /* Release */ = {
			isa = XCBuildConfiguration;
			buildSettings = {
				ALWAYS_EMBED_SWIFT_STANDARD_LIBRARIES = YES;
				CODE_SIGN_STYLE = Automatic;
				CURRENT_PROJECT_VERSION = 1;
				DEVELOPMENT_TEAM = YZ2DFBWRKK;
				GENERATE_INFOPLIST_FILE = YES;
				MARKETING_VERSION = 1.0;
				PRODUCT_BUNDLE_IDENTIFIER = com.sample.simpsonsviewerUITests;
				PRODUCT_NAME = "$(TARGET_NAME)";
				SWIFT_EMIT_LOC_STRINGS = NO;
				SWIFT_VERSION = 5.0;
				TARGETED_DEVICE_FAMILY = "1,2";
				TEST_TARGET_NAME = simpsonsviewer;
			};
			name = Release;
		};
/* End XCBuildConfiguration section */

/* Begin XCConfigurationList section */
		A0FEEAAA29F9DEC30012DA80 /* Build configuration list for PBXProject "simpsonsviewer" */ = {
			isa = XCConfigurationList;
			buildConfigurations = (
				A0FEEAD729F9DEC40012DA80 /* Debug */,
				A0FEEAD829F9DEC40012DA80 /* Release */,
			);
			defaultConfigurationIsVisible = 0;
			defaultConfigurationName = Release;
		};
		A0FEEAD929F9DEC40012DA80 /* Build configuration list for PBXNativeTarget "simpsonsviewer" */ = {
			isa = XCConfigurationList;
			buildConfigurations = (
				A0FEEADA29F9DEC40012DA80 /* Debug */,
				A0FEEADB29F9DEC40012DA80 /* Release */,
			);
			defaultConfigurationIsVisible = 0;
			defaultConfigurationName = Release;
		};
		A0FEEADC29F9DEC40012DA80 /* Build configuration list for PBXNativeTarget "simpsonsviewerTests" */ = {
			isa = XCConfigurationList;
			buildConfigurations = (
				A0FEEADD29F9DEC40012DA80 /* Debug */,
				A0FEEADE29F9DEC40012DA80 /* Release */,
			);
			defaultConfigurationIsVisible = 0;
			defaultConfigurationName = Release;
		};
		A0FEEADF29F9DEC40012DA80 /* Build configuration list for PBXNativeTarget "simpsonsviewerUITests" */ = {
			isa = XCConfigurationList;
			buildConfigurations = (
				A0FEEAE029F9DEC40012DA80 /* Debug */,
				A0FEEAE129F9DEC40012DA80 /* Release */,
			);
			defaultConfigurationIsVisible = 0;
			defaultConfigurationName = Release;
		};
/* End XCConfigurationList section */
	};
	rootObject = A0FEEAA729F9DEC30012DA80 /* Project object */;
}
